<Solution>
  <Project Path="Ejercicio 0/Ejercicio 0.csproj" />
  <Project Path="Ejercicio 1/Ejercicio 1.csproj" Id="c4588fc5-1791-42a9-bc42-c0822729e2c5" />
  <Project Path="Ejercicio 10/Ejercicio 10.csproj" Id="76ad165d-6d1d-4856-a6e0-54e246db361e" />
  <Project Path="Ejercicio 2/Ejercicio 2.csproj" Id="5a7e269e-c535-4bd7-879e-dd50f2ab6a1f" />
  <Project Path="Ejercicio 3/Ejercicio 3.csproj" Id="4b70d199-83fa-49c3-badf-94bad8ae5e17" />
  <Project Path="Ejercicio 4/Ejercicio 4.csproj" Id="0e2cfafe-d943-4e18-8e43-c8448925be95" />
  <Project Path="Ejercicio 5/Ejercicio 5.csproj" Id="4995e224-e105-44fa-ae1b-d1779832042b" />
  <Project Path="Ejercicio 6/Ejercicio 6.csproj" Id="b0ba05d8-6c91-4e4b-9633-5fc66930dc70" />
  <Project Path="Ejercicio 7/Ejercicio 7.csproj" Id="adc8bc86-af37-43b3-9e21-cfe395aaccc0" />
  <Project Path="Ejercicio 8/Ejercicio 8.csproj" Id="a35875ce-26d7-4a34-931e-dddafb4e6b10" />
  <Project Path="Ejercicio 9/Ejercicio 9.csproj" Id="1c14e1fc-feb6-457a-af4d-fdbe5fd56981" />
</Solution>
